// !$*UTF8*$!
{
	archiveVersion = 1;
	classes = {
	};
	objectVersion = 52;
	objects = {

/* Begin PBXBuildFile section */
		B90BBBFF22A9BC7B00F871AB /* AppDelegate.swift in Sources */ = {isa = PBXBuildFile; fileRef = B90BBBFE22A9BC7B00F871AB /* AppDelegate.swift */; };
		B90BBC0122A9BC7B00F871AB /* SceneDelegate.swift in Sources */ = {isa = PBXBuildFile; fileRef = B90BBC0022A9BC7B00F871AB /* SceneDelegate.swift */; };
		B90BBC0522A9BC7D00F871AB /* Assets.xcassets in Resources */ = {isa = PBXBuildFile; fileRef = B90BBC0422A9BC7D00F871AB /* Assets.xcassets */; };
		B90BBC0822A9BC7D00F871AB /* Preview Assets.xcassets in Resources */ = {isa = PBXBuildFile; fileRef = B90BBC0722A9BC7D00F871AB /* Preview Assets.xcassets */; };
		B90BBC0B22A9BC7D00F871AB /* LaunchScreen.storyboard in Resources */ = {isa = PBXBuildFile; fileRef = B90BBC0922A9BC7D00F871AB /* LaunchScreen.storyboard */; };
		B90BBC1422A9BC9500F871AB /* Beer.swift in Sources */ = {isa = PBXBuildFile; fileRef = B90BBC1322A9BC9500F871AB /* Beer.swift */; };
		B90BBC1722A9BD2C00F871AB /* BeerAPIService.swift in Sources */ = {isa = PBXBuildFile; fileRef = B90BBC1622A9BD2C00F871AB /* BeerAPIService.swift */; };
		B91CAD762307595D00EB67B1 /* BeerListInteractorDependencies.swift in Sources */ = {isa = PBXBuildFile; fileRef = B91CAD6B2307595D00EB67B1 /* BeerListInteractorDependencies.swift */; };
		B91CAD772307595D00EB67B1 /* BeerListAction.swift in Sources */ = {isa = PBXBuildFile; fileRef = B91CAD6C2307595D00EB67B1 /* BeerListAction.swift */; };
		B91CAD782307595D00EB67B1 /* BeerListPresenter.swift in Sources */ = {isa = PBXBuildFile; fileRef = B91CAD6D2307595D00EB67B1 /* BeerListPresenter.swift */; };
		B91CAD792307595D00EB67B1 /* BeerListPresenterDependencies.swift in Sources */ = {isa = PBXBuildFile; fileRef = B91CAD6E2307595D00EB67B1 /* BeerListPresenterDependencies.swift */; };
		B91CAD7A2307595D00EB67B1 /* BeerListInteractor.swift in Sources */ = {isa = PBXBuildFile; fileRef = B91CAD6F2307595D00EB67B1 /* BeerListInteractor.swift */; };
		B91CAD7B2307595D00EB67B1 /* BeerListDelegateProtocol.swift in Sources */ = {isa = PBXBuildFile; fileRef = B91CAD702307595D00EB67B1 /* BeerListDelegateProtocol.swift */; };
		B91CAD7C2307595D00EB67B1 /* BeerListEvent.swift in Sources */ = {isa = PBXBuildFile; fileRef = B91CAD712307595D00EB67B1 /* BeerListEvent.swift */; };
		B91CAD7D2307595D00EB67B1 /* BeerListView.swift in Sources */ = {isa = PBXBuildFile; fileRef = B91CAD722307595D00EB67B1 /* BeerListView.swift */; };
		B91CAD7E2307595D00EB67B1 /* BeerListProtocol.swift in Sources */ = {isa = PBXBuildFile; fileRef = B91CAD732307595D00EB67B1 /* BeerListProtocol.swift */; };
		B91CAD802307595D00EB67B1 /* BeerListWireframe.swift in Sources */ = {isa = PBXBuildFile; fileRef = B91CAD752307595D00EB67B1 /* BeerListWireframe.swift */; };
		B91CAD8323075CDC00EB67B1 /* AdvancedList in Frameworks */ = {isa = PBXBuildFile; productRef = B91CAD8223075CDC00EB67B1 /* AdvancedList */; };
		B91CAD8623075D6200EB67B1 /* BeerViewModel.swift in Sources */ = {isa = PBXBuildFile; fileRef = B91CAD8523075D6200EB67B1 /* BeerViewModel.swift */; };
		B91CAD8D23088EB800EB67B1 /* BeerListInteractorError.swift in Sources */ = {isa = PBXBuildFile; fileRef = B91CAD8C23088EB800EB67B1 /* BeerListInteractorError.swift */; };
		B91CAD9F2308B4FF00EB67B1 /* BeerDetailInteractorDependencies.swift in Sources */ = {isa = PBXBuildFile; fileRef = B91CAD942308B4FF00EB67B1 /* BeerDetailInteractorDependencies.swift */; };
		B91CADA02308B4FF00EB67B1 /* BeerDetailAction.swift in Sources */ = {isa = PBXBuildFile; fileRef = B91CAD952308B4FF00EB67B1 /* BeerDetailAction.swift */; };
		B91CADA12308B4FF00EB67B1 /* BeerDetailPresenter.swift in Sources */ = {isa = PBXBuildFile; fileRef = B91CAD962308B4FF00EB67B1 /* BeerDetailPresenter.swift */; };
		B91CADA22308B4FF00EB67B1 /* BeerDetailPresenterDependencies.swift in Sources */ = {isa = PBXBuildFile; fileRef = B91CAD972308B4FF00EB67B1 /* BeerDetailPresenterDependencies.swift */; };
		B91CADA32308B4FF00EB67B1 /* BeerDetailInteractor.swift in Sources */ = {isa = PBXBuildFile; fileRef = B91CAD982308B4FF00EB67B1 /* BeerDetailInteractor.swift */; };
		B91CADA42308B4FF00EB67B1 /* BeerDetailDelegateProtocol.swift in Sources */ = {isa = PBXBuildFile; fileRef = B91CAD992308B4FF00EB67B1 /* BeerDetailDelegateProtocol.swift */; };
		B91CADA52308B4FF00EB67B1 /* BeerDetailEvent.swift in Sources */ = {isa = PBXBuildFile; fileRef = B91CAD9A2308B4FF00EB67B1 /* BeerDetailEvent.swift */; };
		B91CADA62308B4FF00EB67B1 /* BeerDetailView.swift in Sources */ = {isa = PBXBuildFile; fileRef = B91CAD9B2308B4FF00EB67B1 /* BeerDetailView.swift */; };
		B91CADA72308B4FF00EB67B1 /* BeerDetailProtocol.swift in Sources */ = {isa = PBXBuildFile; fileRef = B91CAD9C2308B4FF00EB67B1 /* BeerDetailProtocol.swift */; };
		B91CADA82308B4FF00EB67B1 /* BeerDetailViewModel.swift in Sources */ = {isa = PBXBuildFile; fileRef = B91CAD9D2308B4FF00EB67B1 /* BeerDetailViewModel.swift */; };
		B91CADA92308B4FF00EB67B1 /* BeerDetailWireframe.swift in Sources */ = {isa = PBXBuildFile; fileRef = B91CAD9E2308B4FF00EB67B1 /* BeerDetailWireframe.swift */; };
		B91CADAC2308B69600EB67B1 /* RemoteImage in Frameworks */ = {isa = PBXBuildFile; productRef = B91CADAB2308B69600EB67B1 /* RemoteImage */; };
		B9F387AF22A9D10E0039E96A /* BeerCell.swift in Sources */ = {isa = PBXBuildFile; fileRef = B9F387AE22A9D10E0039E96A /* BeerCell.swift */; };
		B9F658B322A9C60A005E05F6 /* MockBeerStore.swift in Sources */ = {isa = PBXBuildFile; fileRef = B9F658B222A9C60A005E05F6 /* MockBeerStore.swift */; };
/* End PBXBuildFile section */

/* Begin PBXFileReference section */
		B90BBBFB22A9BC7B00F871AB /* Beers.app */ = {isa = PBXFileReference; explicitFileType = wrapper.application; includeInIndex = 0; path = Beers.app; sourceTree = BUILT_PRODUCTS_DIR; };
		B90BBBFE22A9BC7B00F871AB /* AppDelegate.swift */ = {isa = PBXFileReference; lastKnownFileType = sourcecode.swift; path = AppDelegate.swift; sourceTree = "<group>"; };
		B90BBC0022A9BC7B00F871AB /* SceneDelegate.swift */ = {isa = PBXFileReference; lastKnownFileType = sourcecode.swift; path = SceneDelegate.swift; sourceTree = "<group>"; };
		B90BBC0422A9BC7D00F871AB /* Assets.xcassets */ = {isa = PBXFileReference; lastKnownFileType = folder.assetcatalog; path = Assets.xcassets; sourceTree = "<group>"; };
		B90BBC0722A9BC7D00F871AB /* Preview Assets.xcassets */ = {isa = PBXFileReference; lastKnownFileType = folder.assetcatalog; path = "Preview Assets.xcassets"; sourceTree = "<group>"; };
		B90BBC0A22A9BC7D00F871AB /* Base */ = {isa = PBXFileReference; lastKnownFileType = file.storyboard; name = Base; path = Base.lproj/LaunchScreen.storyboard; sourceTree = "<group>"; };
		B90BBC0C22A9BC7D00F871AB /* Info.plist */ = {isa = PBXFileReference; lastKnownFileType = text.plist.xml; path = Info.plist; sourceTree = "<group>"; };
		B90BBC1322A9BC9500F871AB /* Beer.swift */ = {isa = PBXFileReference; lastKnownFileType = sourcecode.swift; path = Beer.swift; sourceTree = "<group>"; };
		B90BBC1622A9BD2C00F871AB /* BeerAPIService.swift */ = {isa = PBXFileReference; lastKnownFileType = sourcecode.swift; path = BeerAPIService.swift; sourceTree = "<group>"; };
		B91CAD6B2307595D00EB67B1 /* BeerListInteractorDependencies.swift */ = {isa = PBXFileReference; lastKnownFileType = sourcecode.swift; path = BeerListInteractorDependencies.swift; sourceTree = "<group>"; };
		B91CAD6C2307595D00EB67B1 /* BeerListAction.swift */ = {isa = PBXFileReference; lastKnownFileType = sourcecode.swift; path = BeerListAction.swift; sourceTree = "<group>"; };
		B91CAD6D2307595D00EB67B1 /* BeerListPresenter.swift */ = {isa = PBXFileReference; lastKnownFileType = sourcecode.swift; path = BeerListPresenter.swift; sourceTree = "<group>"; };
		B91CAD6E2307595D00EB67B1 /* BeerListPresenterDependencies.swift */ = {isa = PBXFileReference; lastKnownFileType = sourcecode.swift; path = BeerListPresenterDependencies.swift; sourceTree = "<group>"; };
		B91CAD6F2307595D00EB67B1 /* BeerListInteractor.swift */ = {isa = PBXFileReference; lastKnownFileType = sourcecode.swift; path = BeerListInteractor.swift; sourceTree = "<group>"; };
		B91CAD702307595D00EB67B1 /* BeerListDelegateProtocol.swift */ = {isa = PBXFileReference; lastKnownFileType = sourcecode.swift; path = BeerListDelegateProtocol.swift; sourceTree = "<group>"; };
		B91CAD712307595D00EB67B1 /* BeerListEvent.swift */ = {isa = PBXFileReference; lastKnownFileType = sourcecode.swift; path = BeerListEvent.swift; sourceTree = "<group>"; };
		B91CAD722307595D00EB67B1 /* BeerListView.swift */ = {isa = PBXFileReference; lastKnownFileType = sourcecode.swift; path = BeerListView.swift; sourceTree = "<group>"; };
		B91CAD732307595D00EB67B1 /* BeerListProtocol.swift */ = {isa = PBXFileReference; lastKnownFileType = sourcecode.swift; path = BeerListProtocol.swift; sourceTree = "<group>"; };
		B91CAD752307595D00EB67B1 /* BeerListWireframe.swift */ = {isa = PBXFileReference; lastKnownFileType = sourcecode.swift; path = BeerListWireframe.swift; sourceTree = "<group>"; };
		B91CAD8523075D6200EB67B1 /* BeerViewModel.swift */ = {isa = PBXFileReference; lastKnownFileType = sourcecode.swift; path = BeerViewModel.swift; sourceTree = "<group>"; };
		B91CAD8C23088EB800EB67B1 /* BeerListInteractorError.swift */ = {isa = PBXFileReference; lastKnownFileType = sourcecode.swift; path = BeerListInteractorError.swift; sourceTree = "<group>"; };
		B91CAD942308B4FF00EB67B1 /* BeerDetailInteractorDependencies.swift */ = {isa = PBXFileReference; lastKnownFileType = sourcecode.swift; path = BeerDetailInteractorDependencies.swift; sourceTree = "<group>"; };
		B91CAD952308B4FF00EB67B1 /* BeerDetailAction.swift */ = {isa = PBXFileReference; lastKnownFileType = sourcecode.swift; path = BeerDetailAction.swift; sourceTree = "<group>"; };
		B91CAD962308B4FF00EB67B1 /* BeerDetailPresenter.swift */ = {isa = PBXFileReference; lastKnownFileType = sourcecode.swift; path = BeerDetailPresenter.swift; sourceTree = "<group>"; };
		B91CAD972308B4FF00EB67B1 /* BeerDetailPresenterDependencies.swift */ = {isa = PBXFileReference; lastKnownFileType = sourcecode.swift; path = BeerDetailPresenterDependencies.swift; sourceTree = "<group>"; };
		B91CAD982308B4FF00EB67B1 /* BeerDetailInteractor.swift */ = {isa = PBXFileReference; lastKnownFileType = sourcecode.swift; path = BeerDetailInteractor.swift; sourceTree = "<group>"; };
		B91CAD992308B4FF00EB67B1 /* BeerDetailDelegateProtocol.swift */ = {isa = PBXFileReference; lastKnownFileType = sourcecode.swift; path = BeerDetailDelegateProtocol.swift; sourceTree = "<group>"; };
		B91CAD9A2308B4FF00EB67B1 /* BeerDetailEvent.swift */ = {isa = PBXFileReference; lastKnownFileType = sourcecode.swift; path = BeerDetailEvent.swift; sourceTree = "<group>"; };
		B91CAD9B2308B4FF00EB67B1 /* BeerDetailView.swift */ = {isa = PBXFileReference; lastKnownFileType = sourcecode.swift; path = BeerDetailView.swift; sourceTree = "<group>"; };
		B91CAD9C2308B4FF00EB67B1 /* BeerDetailProtocol.swift */ = {isa = PBXFileReference; lastKnownFileType = sourcecode.swift; path = BeerDetailProtocol.swift; sourceTree = "<group>"; };
		B91CAD9D2308B4FF00EB67B1 /* BeerDetailViewModel.swift */ = {isa = PBXFileReference; lastKnownFileType = sourcecode.swift; path = BeerDetailViewModel.swift; sourceTree = "<group>"; };
		B91CAD9E2308B4FF00EB67B1 /* BeerDetailWireframe.swift */ = {isa = PBXFileReference; lastKnownFileType = sourcecode.swift; path = BeerDetailWireframe.swift; sourceTree = "<group>"; };
		B91EF59F22AB19A300FC2303 /* preview.gif */ = {isa = PBXFileReference; lastKnownFileType = image.gif; path = preview.gif; sourceTree = "<group>"; };
		B9DEE5E822AB039D00D92EF3 /* Beers.entitlements */ = {isa = PBXFileReference; lastKnownFileType = text.plist.entitlements; path = Beers.entitlements; sourceTree = "<group>"; };
		B9F387AE22A9D10E0039E96A /* BeerCell.swift */ = {isa = PBXFileReference; lastKnownFileType = sourcecode.swift; path = BeerCell.swift; sourceTree = "<group>"; };
		B9F658B222A9C60A005E05F6 /* MockBeerStore.swift */ = {isa = PBXFileReference; lastKnownFileType = sourcecode.swift; path = MockBeerStore.swift; sourceTree = "<group>"; };
/* End PBXFileReference section */

/* Begin PBXFrameworksBuildPhase section */
		B90BBBF822A9BC7B00F871AB /* Frameworks */ = {
			isa = PBXFrameworksBuildPhase;
			buildActionMask = 2147483647;
			files = (
				B91CADAC2308B69600EB67B1 /* RemoteImage in Frameworks */,
				B91CAD8323075CDC00EB67B1 /* AdvancedList in Frameworks */,
			);
			runOnlyForDeploymentPostprocessing = 0;
		};
/* End PBXFrameworksBuildPhase section */

/* Begin PBXGroup section */
		B90BBBF222A9BC7B00F871AB = {
			isa = PBXGroup;
			children = (
				B91EF59F22AB19A300FC2303 /* preview.gif */,
				B90BBBFD22A9BC7B00F871AB /* Beers */,
				B90BBBFC22A9BC7B00F871AB /* Products */,
			);
			sourceTree = "<group>";
		};
		B90BBBFC22A9BC7B00F871AB /* Products */ = {
			isa = PBXGroup;
			children = (
				B90BBBFB22A9BC7B00F871AB /* Beers.app */,
			);
			name = Products;
			sourceTree = "<group>";
		};
		B90BBBFD22A9BC7B00F871AB /* Beers */ = {
			isa = PBXGroup;
			children = (
				B91CAD912308B4CA00EB67B1 /* Global */,
				B91CAD8E2308B4A600EB67B1 /* Features */,
				B9DEE5E822AB039D00D92EF3 /* Beers.entitlements */,
				B90BBBFE22A9BC7B00F871AB /* AppDelegate.swift */,
				B90BBC0022A9BC7B00F871AB /* SceneDelegate.swift */,
				B90BBC0422A9BC7D00F871AB /* Assets.xcassets */,
				B90BBC0922A9BC7D00F871AB /* LaunchScreen.storyboard */,
				B90BBC0C22A9BC7D00F871AB /* Info.plist */,
				B90BBC0622A9BC7D00F871AB /* Preview Content */,
			);
			path = Beers;
			sourceTree = "<group>";
		};
		B90BBC0622A9BC7D00F871AB /* Preview Content */ = {
			isa = PBXGroup;
			children = (
				B90BBC0722A9BC7D00F871AB /* Preview Assets.xcassets */,
			);
			path = "Preview Content";
			sourceTree = "<group>";
		};
		B90BBC1222A9BC8300F871AB /* Models */ = {
			isa = PBXGroup;
			children = (
				B90BBC1322A9BC9500F871AB /* Beer.swift */,
			);
			path = Models;
			sourceTree = "<group>";
		};
		B90BBC1522A9BD1A00F871AB /* Services */ = {
			isa = PBXGroup;
			children = (
				B90BBC1622A9BD2C00F871AB /* BeerAPIService.swift */,
				B9F658B222A9C60A005E05F6 /* MockBeerStore.swift */,
			);
			path = Services;
			sourceTree = "<group>";
		};
		B91CAD6A2307594B00EB67B1 /* VIPER */ = {
			isa = PBXGroup;
			children = (
				B91CAD6B2307595D00EB67B1 /* BeerListInteractorDependencies.swift */,
				B91CAD6C2307595D00EB67B1 /* BeerListAction.swift */,
				B91CAD6D2307595D00EB67B1 /* BeerListPresenter.swift */,
				B91CAD6E2307595D00EB67B1 /* BeerListPresenterDependencies.swift */,
				B91CAD6F2307595D00EB67B1 /* BeerListInteractor.swift */,
				B91CAD702307595D00EB67B1 /* BeerListDelegateProtocol.swift */,
				B91CAD712307595D00EB67B1 /* BeerListEvent.swift */,
				B91CAD722307595D00EB67B1 /* BeerListView.swift */,
				B91CAD732307595D00EB67B1 /* BeerListProtocol.swift */,
				B91CAD752307595D00EB67B1 /* BeerListWireframe.swift */,
				B91CAD8C23088EB800EB67B1 /* BeerListInteractorError.swift */,
			);
			path = VIPER;
			sourceTree = "<group>";
		};
		B91CAD8423075D4D00EB67B1 /* ViewModels */ = {
			isa = PBXGroup;
			children = (
				B91CAD8523075D6200EB67B1 /* BeerViewModel.swift */,
			);
			path = ViewModels;
			sourceTree = "<group>";
		};
		B91CAD8E2308B4A600EB67B1 /* Features */ = {
			isa = PBXGroup;
			children = (
				B91CAD8F2308B4AA00EB67B1 /* BeerList */,
				B91CAD902308B4AE00EB67B1 /* BeerDetail */,
			);
			path = Features;
			sourceTree = "<group>";
		};
		B91CAD8F2308B4AA00EB67B1 /* BeerList */ = {
			isa = PBXGroup;
			children = (
				B91CAD6A2307594B00EB67B1 /* VIPER */,
			);
			path = BeerList;
			sourceTree = "<group>";
		};
		B91CAD902308B4AE00EB67B1 /* BeerDetail */ = {
			isa = PBXGroup;
			children = (
				B9F387AB22A9CFD50039E96A /* Views */,
				B91CAD932308B4F000EB67B1 /* VIPER */,
			);
			path = BeerDetail;
			sourceTree = "<group>";
		};
		B91CAD912308B4CA00EB67B1 /* Global */ = {
			isa = PBXGroup;
			children = (
				B90BBC1222A9BC8300F871AB /* Models */,
				B90BBC1522A9BD1A00F871AB /* Services */,
				B91CAD8423075D4D00EB67B1 /* ViewModels */,
			);
			path = Global;
			sourceTree = "<group>";
		};
		B91CAD932308B4F000EB67B1 /* VIPER */ = {
			isa = PBXGroup;
			children = (
				B91CAD952308B4FF00EB67B1 /* BeerDetailAction.swift */,
				B91CAD992308B4FF00EB67B1 /* BeerDetailDelegateProtocol.swift */,
				B91CAD9A2308B4FF00EB67B1 /* BeerDetailEvent.swift */,
				B91CAD982308B4FF00EB67B1 /* BeerDetailInteractor.swift */,
				B91CAD942308B4FF00EB67B1 /* BeerDetailInteractorDependencies.swift */,
				B91CAD962308B4FF00EB67B1 /* BeerDetailPresenter.swift */,
				B91CAD972308B4FF00EB67B1 /* BeerDetailPresenterDependencies.swift */,
				B91CAD9C2308B4FF00EB67B1 /* BeerDetailProtocol.swift */,
				B91CAD9B2308B4FF00EB67B1 /* BeerDetailView.swift */,
				B91CAD9D2308B4FF00EB67B1 /* BeerDetailViewModel.swift */,
				B91CAD9E2308B4FF00EB67B1 /* BeerDetailWireframe.swift */,
			);
			path = VIPER;
			sourceTree = "<group>";
		};
		B9F387AB22A9CFD50039E96A /* Views */ = {
			isa = PBXGroup;
			children = (
				B9F387AE22A9D10E0039E96A /* BeerCell.swift */,
			);
			path = Views;
			sourceTree = "<group>";
		};
/* End PBXGroup section */

/* Begin PBXNativeTarget section */
		B90BBBFA22A9BC7B00F871AB /* Beers */ = {
			isa = PBXNativeTarget;
			buildConfigurationList = B90BBC0F22A9BC7D00F871AB /* Build configuration list for PBXNativeTarget "Beers" */;
			buildPhases = (
				B90BBBF722A9BC7B00F871AB /* Sources */,
				B90BBBF822A9BC7B00F871AB /* Frameworks */,
				B90BBBF922A9BC7B00F871AB /* Resources */,
			);
			buildRules = (
			);
			dependencies = (
			);
			name = Beers;
			packageProductDependencies = (
				B91CAD8223075CDC00EB67B1 /* AdvancedList */,
				B91CADAB2308B69600EB67B1 /* RemoteImage */,
			);
			productName = Beers;
			productReference = B90BBBFB22A9BC7B00F871AB /* Beers.app */;
			productType = "com.apple.product-type.application";
		};
/* End PBXNativeTarget section */

/* Begin PBXProject section */
		B90BBBF322A9BC7B00F871AB /* Project object */ = {
			isa = PBXProject;
			attributes = {
				LastSwiftUpdateCheck = 1100;
				LastUpgradeCheck = 1100;
				ORGANIZATIONNAME = "Christian Elies";
				TargetAttributes = {
					B90BBBFA22A9BC7B00F871AB = {
						CreatedOnToolsVersion = 11.0;
					};
				};
			};
			buildConfigurationList = B90BBBF622A9BC7B00F871AB /* Build configuration list for PBXProject "Beers" */;
			compatibilityVersion = "Xcode 9.3";
			developmentRegion = en;
			hasScannedForEncodings = 0;
			knownRegions = (
				en,
				Base,
			);
			mainGroup = B90BBBF222A9BC7B00F871AB;
			packageReferences = (
				B91CAD8123075CDC00EB67B1 /* XCRemoteSwiftPackageReference "AdvancedList" */,
				B91CADAA2308B69600EB67B1 /* XCRemoteSwiftPackageReference "RemoteImage" */,
			);
			productRefGroup = B90BBBFC22A9BC7B00F871AB /* Products */;
			projectDirPath = "";
			projectRoot = "";
			targets = (
				B90BBBFA22A9BC7B00F871AB /* Beers */,
			);
		};
/* End PBXProject section */

/* Begin PBXResourcesBuildPhase section */
		B90BBBF922A9BC7B00F871AB /* Resources */ = {
			isa = PBXResourcesBuildPhase;
			buildActionMask = 2147483647;
			files = (
				B90BBC0B22A9BC7D00F871AB /* LaunchScreen.storyboard in Resources */,
				B90BBC0822A9BC7D00F871AB /* Preview Assets.xcassets in Resources */,
				B90BBC0522A9BC7D00F871AB /* Assets.xcassets in Resources */,
			);
			runOnlyForDeploymentPostprocessing = 0;
		};
/* End PBXResourcesBuildPhase section */

/* Begin PBXSourcesBuildPhase section */
		B90BBBF722A9BC7B00F871AB /* Sources */ = {
			isa = PBXSourcesBuildPhase;
			buildActionMask = 2147483647;
			files = (
				B91CAD8623075D6200EB67B1 /* BeerViewModel.swift in Sources */,
				B90BBBFF22A9BC7B00F871AB /* AppDelegate.swift in Sources */,
				B91CAD7C2307595D00EB67B1 /* BeerListEvent.swift in Sources */,
				B90BBC0122A9BC7B00F871AB /* SceneDelegate.swift in Sources */,
				B91CADA42308B4FF00EB67B1 /* BeerDetailDelegateProtocol.swift in Sources */,
				B91CAD9F2308B4FF00EB67B1 /* BeerDetailInteractorDependencies.swift in Sources */,
				B91CADA92308B4FF00EB67B1 /* BeerDetailWireframe.swift in Sources */,
				B91CADA82308B4FF00EB67B1 /* BeerDetailViewModel.swift in Sources */,
				B91CAD7E2307595D00EB67B1 /* BeerListProtocol.swift in Sources */,
				B91CAD782307595D00EB67B1 /* BeerListPresenter.swift in Sources */,
				B91CAD792307595D00EB67B1 /* BeerListPresenterDependencies.swift in Sources */,
				B91CAD762307595D00EB67B1 /* BeerListInteractorDependencies.swift in Sources */,
				B91CAD8D23088EB800EB67B1 /* BeerListInteractorError.swift in Sources */,
				B91CADA02308B4FF00EB67B1 /* BeerDetailAction.swift in Sources */,
				B91CAD7B2307595D00EB67B1 /* BeerListDelegateProtocol.swift in Sources */,
				B91CADA12308B4FF00EB67B1 /* BeerDetailPresenter.swift in Sources */,
				B91CAD772307595D00EB67B1 /* BeerListAction.swift in Sources */,
				B9F658B322A9C60A005E05F6 /* MockBeerStore.swift in Sources */,
				B91CAD7A2307595D00EB67B1 /* BeerListInteractor.swift in Sources */,
				B91CADA52308B4FF00EB67B1 /* BeerDetailEvent.swift in Sources */,
				B9F387AF22A9D10E0039E96A /* BeerCell.swift in Sources */,
				B91CADA62308B4FF00EB67B1 /* BeerDetailView.swift in Sources */,
				B91CADA32308B4FF00EB67B1 /* BeerDetailInteractor.swift in Sources */,
				B90BBC1722A9BD2C00F871AB /* BeerAPIService.swift in Sources */,
				B91CAD7D2307595D00EB67B1 /* BeerListView.swift in Sources */,
				B90BBC1422A9BC9500F871AB /* Beer.swift in Sources */,
				B91CAD802307595D00EB67B1 /* BeerListWireframe.swift in Sources */,
				B91CADA72308B4FF00EB67B1 /* BeerDetailProtocol.swift in Sources */,
				B91CADA22308B4FF00EB67B1 /* BeerDetailPresenterDependencies.swift in Sources */,
			);
			runOnlyForDeploymentPostprocessing = 0;
		};
/* End PBXSourcesBuildPhase section */

/* Begin PBXVariantGroup section */
		B90BBC0922A9BC7D00F871AB /* LaunchScreen.storyboard */ = {
			isa = PBXVariantGroup;
			children = (
				B90BBC0A22A9BC7D00F871AB /* Base */,
			);
			name = LaunchScreen.storyboard;
			sourceTree = "<group>";
		};
/* End PBXVariantGroup section */

/* Begin XCBuildConfiguration section */
		B90BBC0D22A9BC7D00F871AB /* Debug */ = {
			isa = XCBuildConfiguration;
			buildSettings = {
				ALWAYS_SEARCH_USER_PATHS = NO;
				CLANG_ANALYZER_NONNULL = YES;
				CLANG_ANALYZER_NUMBER_OBJECT_CONVERSION = YES_AGGRESSIVE;
				CLANG_CXX_LANGUAGE_STANDARD = "gnu++14";
				CLANG_CXX_LIBRARY = "libc++";
				CLANG_ENABLE_MODULES = YES;
				CLANG_ENABLE_OBJC_ARC = YES;
				CLANG_ENABLE_OBJC_WEAK = YES;
				CLANG_WARN_BLOCK_CAPTURE_AUTORELEASING = YES;
				CLANG_WARN_BOOL_CONVERSION = YES;
				CLANG_WARN_COMMA = YES;
				CLANG_WARN_CONSTANT_CONVERSION = YES;
				CLANG_WARN_DEPRECATED_OBJC_IMPLEMENTATIONS = YES;
				CLANG_WARN_DIRECT_OBJC_ISA_USAGE = YES_ERROR;
				CLANG_WARN_DOCUMENTATION_COMMENTS = YES;
				CLANG_WARN_EMPTY_BODY = YES;
				CLANG_WARN_ENUM_CONVERSION = YES;
				CLANG_WARN_INFINITE_RECURSION = YES;
				CLANG_WARN_INT_CONVERSION = YES;
				CLANG_WARN_NON_LITERAL_NULL_CONVERSION = YES;
				CLANG_WARN_OBJC_IMPLICIT_RETAIN_SELF = YES;
				CLANG_WARN_OBJC_LITERAL_CONVERSION = YES;
				CLANG_WARN_OBJC_ROOT_CLASS = YES_ERROR;
				CLANG_WARN_RANGE_LOOP_ANALYSIS = YES;
				CLANG_WARN_STRICT_PROTOTYPES = YES;
				CLANG_WARN_SUSPICIOUS_MOVE = YES;
				CLANG_WARN_UNGUARDED_AVAILABILITY = YES_AGGRESSIVE;
				CLANG_WARN_UNREACHABLE_CODE = YES;
				CLANG_WARN__DUPLICATE_METHOD_MATCH = YES;
				COPY_PHASE_STRIP = NO;
				DEBUG_INFORMATION_FORMAT = dwarf;
				ENABLE_STRICT_OBJC_MSGSEND = YES;
				ENABLE_TESTABILITY = YES;
				GCC_C_LANGUAGE_STANDARD = gnu11;
				GCC_DYNAMIC_NO_PIC = NO;
				GCC_NO_COMMON_BLOCKS = YES;
				GCC_OPTIMIZATION_LEVEL = 0;
				GCC_PREPROCESSOR_DEFINITIONS = (
					"DEBUG=1",
					"$(inherited)",
				);
				GCC_WARN_64_TO_32_BIT_CONVERSION = YES;
				GCC_WARN_ABOUT_RETURN_TYPE = YES_ERROR;
				GCC_WARN_UNDECLARED_SELECTOR = YES;
				GCC_WARN_UNINITIALIZED_AUTOS = YES_AGGRESSIVE;
				GCC_WARN_UNUSED_FUNCTION = YES;
				GCC_WARN_UNUSED_VARIABLE = YES;
				IPHONEOS_DEPLOYMENT_TARGET = 13.0;
				MTL_ENABLE_DEBUG_INFO = INCLUDE_SOURCE;
				MTL_FAST_MATH = YES;
				ONLY_ACTIVE_ARCH = YES;
				SDKROOT = iphoneos;
				SWIFT_ACTIVE_COMPILATION_CONDITIONS = DEBUG;
				SWIFT_OPTIMIZATION_LEVEL = "-Onone";
				SWIFT_VERSION = 5.0;
			};
			name = Debug;
		};
		B90BBC0E22A9BC7D00F871AB /* Release */ = {
			isa = XCBuildConfiguration;
			buildSettings = {
				ALWAYS_SEARCH_USER_PATHS = NO;
				CLANG_ANALYZER_NONNULL = YES;
				CLANG_ANALYZER_NUMBER_OBJECT_CONVERSION = YES_AGGRESSIVE;
				CLANG_CXX_LANGUAGE_STANDARD = "gnu++14";
				CLANG_CXX_LIBRARY = "libc++";
				CLANG_ENABLE_MODULES = YES;
				CLANG_ENABLE_OBJC_ARC = YES;
				CLANG_ENABLE_OBJC_WEAK = YES;
				CLANG_WARN_BLOCK_CAPTURE_AUTORELEASING = YES;
				CLANG_WARN_BOOL_CONVERSION = YES;
				CLANG_WARN_COMMA = YES;
				CLANG_WARN_CONSTANT_CONVERSION = YES;
				CLANG_WARN_DEPRECATED_OBJC_IMPLEMENTATIONS = YES;
				CLANG_WARN_DIRECT_OBJC_ISA_USAGE = YES_ERROR;
				CLANG_WARN_DOCUMENTATION_COMMENTS = YES;
				CLANG_WARN_EMPTY_BODY = YES;
				CLANG_WARN_ENUM_CONVERSION = YES;
				CLANG_WARN_INFINITE_RECURSION = YES;
				CLANG_WARN_INT_CONVERSION = YES;
				CLANG_WARN_NON_LITERAL_NULL_CONVERSION = YES;
				CLANG_WARN_OBJC_IMPLICIT_RETAIN_SELF = YES;
				CLANG_WARN_OBJC_LITERAL_CONVERSION = YES;
				CLANG_WARN_OBJC_ROOT_CLASS = YES_ERROR;
				CLANG_WARN_RANGE_LOOP_ANALYSIS = YES;
				CLANG_WARN_STRICT_PROTOTYPES = YES;
				CLANG_WARN_SUSPICIOUS_MOVE = YES;
				CLANG_WARN_UNGUARDED_AVAILABILITY = YES_AGGRESSIVE;
				CLANG_WARN_UNREACHABLE_CODE = YES;
				CLANG_WARN__DUPLICATE_METHOD_MATCH = YES;
				COPY_PHASE_STRIP = NO;
				DEBUG_INFORMATION_FORMAT = "dwarf-with-dsym";
				ENABLE_NS_ASSERTIONS = NO;
				ENABLE_STRICT_OBJC_MSGSEND = YES;
				GCC_C_LANGUAGE_STANDARD = gnu11;
				GCC_NO_COMMON_BLOCKS = YES;
				GCC_WARN_64_TO_32_BIT_CONVERSION = YES;
				GCC_WARN_ABOUT_RETURN_TYPE = YES_ERROR;
				GCC_WARN_UNDECLARED_SELECTOR = YES;
				GCC_WARN_UNINITIALIZED_AUTOS = YES_AGGRESSIVE;
				GCC_WARN_UNUSED_FUNCTION = YES;
				GCC_WARN_UNUSED_VARIABLE = YES;
				IPHONEOS_DEPLOYMENT_TARGET = 13.0;
				MTL_ENABLE_DEBUG_INFO = NO;
				MTL_FAST_MATH = YES;
				SDKROOT = iphoneos;
				SWIFT_COMPILATION_MODE = wholemodule;
				SWIFT_OPTIMIZATION_LEVEL = "-O";
				SWIFT_VERSION = 5.0;
				VALIDATE_PRODUCT = YES;
			};
			name = Release;
		};
		B90BBC1022A9BC7D00F871AB /* Debug */ = {
			isa = XCBuildConfiguration;
			buildSettings = {
				ASSETCATALOG_COMPILER_APPICON_NAME = AppIcon;
				CODE_SIGN_ENTITLEMENTS = Beers/Beers.entitlements;
				"CODE_SIGN_IDENTITY[sdk=macosx*]" = "-";
				CODE_SIGN_STYLE = Manual;
				DERIVE_MACCATALYST_PRODUCT_BUNDLE_IDENTIFIER = YES;
				DERIVE_UIKITFORMAC_PRODUCT_BUNDLE_IDENTIFIER = YES;
				DEVELOPMENT_ASSET_PATHS = "Beers/Preview\\ Content";
				DEVELOPMENT_TEAM = "";
				ENABLE_PREVIEWS = YES;
				INFOPLIST_FILE = Beers/Info.plist;
				LD_RUNPATH_SEARCH_PATHS = (
					"$(inherited)",
					"@executable_path/Frameworks",
				);
				PRODUCT_BUNDLE_IDENTIFIER = de.crelies.Beers;
				PRODUCT_NAME = "$(TARGET_NAME)";
				PROVISIONING_PROFILE_SPECIFIER = "";
				"PROVISIONING_PROFILE_SPECIFIER[sdk=macosx*]" = "";
				SUPPORTS_MACCATALYST = YES;
				SUPPORTS_UIKITFORMAC = NO;
				SWIFT_VERSION = 5.0;
				TARGETED_DEVICE_FAMILY = "1,2";
			};
			name = Debug;
		};
		B90BBC1122A9BC7D00F871AB /* Release */ = {
			isa = XCBuildConfiguration;
			buildSettings = {
				ASSETCATALOG_COMPILER_APPICON_NAME = AppIcon;
				CODE_SIGN_ENTITLEMENTS = Beers/Beers.entitlements;
				"CODE_SIGN_IDENTITY[sdk=macosx*]" = "-";
				CODE_SIGN_STYLE = Manual;
				DERIVE_MACCATALYST_PRODUCT_BUNDLE_IDENTIFIER = YES;
				DERIVE_UIKITFORMAC_PRODUCT_BUNDLE_IDENTIFIER = YES;
				DEVELOPMENT_ASSET_PATHS = "Beers/Preview\\ Content";
				DEVELOPMENT_TEAM = "";
				ENABLE_PREVIEWS = YES;
				INFOPLIST_FILE = Beers/Info.plist;
				LD_RUNPATH_SEARCH_PATHS = (
					"$(inherited)",
					"@executable_path/Frameworks",
				);
				PRODUCT_BUNDLE_IDENTIFIER = de.crelies.Beers;
				PRODUCT_NAME = "$(TARGET_NAME)";
				PROVISIONING_PROFILE_SPECIFIER = "";
				"PROVISIONING_PROFILE_SPECIFIER[sdk=macosx*]" = "";
				SUPPORTS_MACCATALYST = YES;
				SUPPORTS_UIKITFORMAC = NO;
				SWIFT_VERSION = 5.0;
				TARGETED_DEVICE_FAMILY = "1,2";
			};
			name = Release;
		};
/* End XCBuildConfiguration section */

/* Begin XCConfigurationList section */
		B90BBBF622A9BC7B00F871AB /* Build configuration list for PBXProject "Beers" */ = {
			isa = XCConfigurationList;
			buildConfigurations = (
				B90BBC0D22A9BC7D00F871AB /* Debug */,
				B90BBC0E22A9BC7D00F871AB /* Release */,
			);
			defaultConfigurationIsVisible = 0;
			defaultConfigurationName = Release;
		};
		B90BBC0F22A9BC7D00F871AB /* Build configuration list for PBXNativeTarget "Beers" */ = {
			isa = XCConfigurationList;
			buildConfigurations = (
				B90BBC1022A9BC7D00F871AB /* Debug */,
				B90BBC1122A9BC7D00F871AB /* Release */,
			);
			defaultConfigurationIsVisible = 0;
			defaultConfigurationName = Release;
		};
/* End XCConfigurationList section */

/* Begin XCRemoteSwiftPackageReference section */
		B91CAD8123075CDC00EB67B1 /* XCRemoteSwiftPackageReference "AdvancedList" */ = {
			isa = XCRemoteSwiftPackageReference;
			repositoryURL = "https://github.com/crelies/AdvancedList";
			requirement = {
				branch = master;
				kind = branch;
			};
		};
		B91CADAA2308B69600EB67B1 /* XCRemoteSwiftPackageReference "RemoteImage" */ = {
			isa = XCRemoteSwiftPackageReference;
			repositoryURL = "https://github.com/crelies/RemoteImage";
			requirement = {
				kind = upToNextMajorVersion;
				minimumVersion = 0.1.0;
			};
		};
/* End XCRemoteSwiftPackageReference section */

/* Begin XCSwiftPackageProductDependency section */
		B91CAD8223075CDC00EB67B1 /* AdvancedList */ = {
			isa = XCSwiftPackageProductDependency;
			package = B91CAD8123075CDC00EB67B1 /* XCRemoteSwiftPackageReference "AdvancedList" */;
			productName = AdvancedList;
		};
		B91CADAB2308B69600EB67B1 /* RemoteImage */ = {
			isa = XCSwiftPackageProductDependency;
			package = B91CADAA2308B69600EB67B1 /* XCRemoteSwiftPackageReference "RemoteImage" */;
			productName = RemoteImage;
		};
/* End XCSwiftPackageProductDependency section */
	};
	rootObject = B90BBBF322A9BC7B00F871AB /* Project object */;
}
