{
  "object": {
    "pins": [
      {
        "package": "AdvancedList",
        "repositoryURL": "https://github.com/crelies/AdvancedList",
        "state": {
          "branch": null,
          "revision": "c7a03b7177acd10bbdc6a99252582d549f0bce3a",
          "version": "4.0.0"
        }
      },
      {
        "package": "ListPagination",
        "repositoryURL": "https://github.com/crelies/ListPagination",
        "state": {
          "branch": null,
          "revision": "af667b368a10512da79605b61698d53c11d24cbf",
          "version": "0.1.1"
        }
      },
      {
        "package": "RemoteImage",
        "repositoryURL": "https://github.com/crelies/RemoteImage",
        "state": {
          "branch": null,
          "revision": "b784aeb4c1362242f54c88384e79d09e76b39134",
          "version": "1.0.0"
        }
      }
    ]
  },
  "version": 1
}
