{
  "object": {
    "pins": [
      {
        "package": "AdvancedList",
        "repositoryURL": "https://github.com/crelies/AdvancedList",
        "state": {
          "branch": "master",
          "revision": "e1a0d0a346a7769b8646839d4e65b300fa72b221",
          "version": null
        }
      },
      {
        "package": "ListPagination",
        "repositoryURL": "https://github.com/crelies/ListPagination",
        "state": {
          "branch": null,
          "revision": "af667b368a10512da79605b61698d53c11d24cbf",
          "version": "0.1.1"
        }
      },
      {
        "package": "RemoteImage",
        "repositoryURL": "https://github.com/crelies/RemoteImage",
        "state": {
          "branch": "master",
          "revision": "9eb8540d3553a45df892a06db324ab5ce7861720",
          "version": null
        }
      }
    ]
  },
  "version": 1
}
